// !$*UTF8*$!
{
	archiveVersion = 1;
	classes = {
	};
	objectVersion = 50;
	objects = {

/* Begin PBXBuildFile section */
		4A3A09B7238501A000922C17 /* MainViewController.swift in Sources */ = {isa = PBXBuildFile; fileRef = 4A3A09B6238501A000922C17 /* MainViewController.swift */; };
		4A3A09B92385021000922C17 /* HomeTableViewController.swift in Sources */ = {isa = PBXBuildFile; fileRef = 4A3A09B82385021000922C17 /* HomeTableViewController.swift */; };
		4A3A09BB2385023300922C17 /* DiscoverTableViewController.swift in Sources */ = {isa = PBXBuildFile; fileRef = 4A3A09BA2385023300922C17 /* DiscoverTableViewController.swift */; };
		4A3A09BD2385024700922C17 /* MessageTableViewController.swift in Sources */ = {isa = PBXBuildFile; fileRef = 4A3A09BC2385024700922C17 /* MessageTableViewController.swift */; };
		4A3A09BF2385025300922C17 /* ProfileTableViewController.swift in Sources */ = {isa = PBXBuildFile; fileRef = 4A3A09BE2385025300922C17 /* ProfileTableViewController.swift */; };
		4A400A842385FE820070F54B /* UIButton+Extension.swift in Sources */ = {isa = PBXBuildFile; fileRef = 4A400A832385FE820070F54B /* UIButton+Extension.swift */; };
		4A54416C2384CCE700300151 /* AppDelegate.swift in Sources */ = {isa = PBXBuildFile; fileRef = 4A54416B2384CCE700300151 /* AppDelegate.swift */; };
		4A54416E2384CCE700300151 /* SceneDelegate.swift in Sources */ = {isa = PBXBuildFile; fileRef = 4A54416D2384CCE700300151 /* SceneDelegate.swift */; };
		4A5441732384CCE700300151 /* Main.storyboard in Resources */ = {isa = PBXBuildFile; fileRef = 4A5441712384CCE700300151 /* Main.storyboard */; };
		4A5441752384CCE900300151 /* Assets.xcassets in Resources */ = {isa = PBXBuildFile; fileRef = 4A5441742384CCE900300151 /* Assets.xcassets */; };
		4A5441782384CCE900300151 /* LaunchScreen.storyboard in Resources */ = {isa = PBXBuildFile; fileRef = 4A5441762384CCE900300151 /* LaunchScreen.storyboard */; };
		4A57075B23863EF700ACA2D3 /* VisitorTableViewController.swift in Sources */ = {isa = PBXBuildFile; fileRef = 4A57075A23863EF700ACA2D3 /* VisitorTableViewController.swift */; };
		4A57075D2386414600ACA2D3 /* VisitorView.swift in Sources */ = {isa = PBXBuildFile; fileRef = 4A57075C2386414600ACA2D3 /* VisitorView.swift */; };
		4AFEBD262386A7E800D8D8F8 /* UILabel+Extension.swift in Sources */ = {isa = PBXBuildFile; fileRef = 4AFEBD252386A7E800D8D8F8 /* UILabel+Extension.swift */; };
		4AFEBD282386AB4C00D8D8F8 /* UIImageView+Extension.swift in Sources */ = {isa = PBXBuildFile; fileRef = 4AFEBD272386AB4C00D8D8F8 /* UIImageView+Extension.swift */; };
/* End PBXBuildFile section */

/* Begin PBXFileReference section */
		4A3A09B6238501A000922C17 /* MainViewController.swift */ = {isa = PBXFileReference; lastKnownFileType = sourcecode.swift; path = MainViewController.swift; sourceTree = "<group>"; };
		4A3A09B82385021000922C17 /* HomeTableViewController.swift */ = {isa = PBXFileReference; lastKnownFileType = sourcecode.swift; path = HomeTableViewController.swift; sourceTree = "<group>"; };
		4A3A09BA2385023300922C17 /* DiscoverTableViewController.swift */ = {isa = PBXFileReference; lastKnownFileType = sourcecode.swift; path = DiscoverTableViewController.swift; sourceTree = "<group>"; };
		4A3A09BC2385024700922C17 /* MessageTableViewController.swift */ = {isa = PBXFileReference; lastKnownFileType = sourcecode.swift; path = MessageTableViewController.swift; sourceTree = "<group>"; };
		4A3A09BE2385025300922C17 /* ProfileTableViewController.swift */ = {isa = PBXFileReference; lastKnownFileType = sourcecode.swift; path = ProfileTableViewController.swift; sourceTree = "<group>"; };
		4A400A832385FE820070F54B /* UIButton+Extension.swift */ = {isa = PBXFileReference; lastKnownFileType = sourcecode.swift; path = "UIButton+Extension.swift"; sourceTree = "<group>"; };
		4A5441682384CCE700300151 /* WeiboPractice.app */ = {isa = PBXFileReference; explicitFileType = wrapper.application; includeInIndex = 0; path = WeiboPractice.app; sourceTree = BUILT_PRODUCTS_DIR; };
		4A54416B2384CCE700300151 /* AppDelegate.swift */ = {isa = PBXFileReference; lastKnownFileType = sourcecode.swift; path = AppDelegate.swift; sourceTree = "<group>"; };
		4A54416D2384CCE700300151 /* SceneDelegate.swift */ = {isa = PBXFileReference; lastKnownFileType = sourcecode.swift; path = SceneDelegate.swift; sourceTree = "<group>"; };
		4A5441722384CCE700300151 /* Base */ = {isa = PBXFileReference; lastKnownFileType = file.storyboard; name = Base; path = Base.lproj/Main.storyboard; sourceTree = "<group>"; };
		4A5441742384CCE900300151 /* Assets.xcassets */ = {isa = PBXFileReference; lastKnownFileType = folder.assetcatalog; path = Assets.xcassets; sourceTree = "<group>"; };
		4A5441772384CCE900300151 /* Base */ = {isa = PBXFileReference; lastKnownFileType = file.storyboard; name = Base; path = Base.lproj/LaunchScreen.storyboard; sourceTree = "<group>"; };
		4A5441792384CCE900300151 /* Info.plist */ = {isa = PBXFileReference; lastKnownFileType = text.plist.xml; path = Info.plist; sourceTree = "<group>"; };
		4A57075A23863EF700ACA2D3 /* VisitorTableViewController.swift */ = {isa = PBXFileReference; lastKnownFileType = sourcecode.swift; path = VisitorTableViewController.swift; sourceTree = "<group>"; };
		4A57075C2386414600ACA2D3 /* VisitorView.swift */ = {isa = PBXFileReference; lastKnownFileType = sourcecode.swift; path = VisitorView.swift; sourceTree = "<group>"; };
		4AFEBD252386A7E800D8D8F8 /* UILabel+Extension.swift */ = {isa = PBXFileReference; lastKnownFileType = sourcecode.swift; path = "UILabel+Extension.swift"; sourceTree = "<group>"; };
		4AFEBD272386AB4C00D8D8F8 /* UIImageView+Extension.swift */ = {isa = PBXFileReference; lastKnownFileType = sourcecode.swift; path = "UIImageView+Extension.swift"; sourceTree = "<group>"; };
/* End PBXFileReference section */

/* Begin PBXFrameworksBuildPhase section */
		4A5441652384CCE700300151 /* Frameworks */ = {
			isa = PBXFrameworksBuildPhase;
			buildActionMask = 2147483647;
			files = (
			);
			runOnlyForDeploymentPostprocessing = 0;
		};
/* End PBXFrameworksBuildPhase section */

/* Begin PBXGroup section */
		4A3A09AC238500D500922C17 /* Classes */ = {
			isa = PBXGroup;
			children = (
				4A3A09AD238500D500922C17 /* ViewModel */,
				4A3A09AE238500D500922C17 /* Tools */,
				4A3A09AF238500D500922C17 /* Model */,
				4A3A09B0238500D500922C17 /* View(视图和控制器) */,
			);
			path = Classes;
			sourceTree = "<group>";
		};
		4A3A09AD238500D500922C17 /* ViewModel */ = {
			isa = PBXGroup;
			children = (
			);
			path = ViewModel;
			sourceTree = "<group>";
		};
		4A3A09AE238500D500922C17 /* Tools */ = {
			isa = PBXGroup;
			children = (
				4A400A822385FE300070F54B /* Extension */,
			);
			path = Tools;
			sourceTree = "<group>";
		};
		4A3A09AF238500D500922C17 /* Model */ = {
			isa = PBXGroup;
			children = (
			);
			path = Model;
			sourceTree = "<group>";
		};
		4A3A09B0238500D500922C17 /* View(视图和控制器) */ = {
			isa = PBXGroup;
			children = (
				4A3A09B1238500D500922C17 /* Home */,
				4A3A09B2238500D500922C17 /* Discover */,
				4A3A09B3238500D500922C17 /* Message */,
				4A3A09B4238500D500922C17 /* Profile */,
				4A3A09B5238500D500922C17 /* Main */,
			);
			path = "View(视图和控制器)";
			sourceTree = "<group>";
		};
		4A3A09B1238500D500922C17 /* Home */ = {
			isa = PBXGroup;
			children = (
				4A3A09B82385021000922C17 /* HomeTableViewController.swift */,
			);
			path = Home;
			sourceTree = "<group>";
		};
		4A3A09B2238500D500922C17 /* Discover */ = {
			isa = PBXGroup;
			children = (
				4A3A09BA2385023300922C17 /* DiscoverTableViewController.swift */,
			);
			path = Discover;
			sourceTree = "<group>";
		};
		4A3A09B3238500D500922C17 /* Message */ = {
			isa = PBXGroup;
			children = (
				4A3A09BC2385024700922C17 /* MessageTableViewController.swift */,
			);
			path = Message;
			sourceTree = "<group>";
		};
		4A3A09B4238500D500922C17 /* Profile */ = {
			isa = PBXGroup;
			children = (
				4A3A09BE2385025300922C17 /* ProfileTableViewController.swift */,
			);
			path = Profile;
			sourceTree = "<group>";
		};
		4A3A09B5238500D500922C17 /* Main */ = {
			isa = PBXGroup;
			children = (
				4A57075923863EE200ACA2D3 /* Visitor */,
				4A3A09B6238501A000922C17 /* MainViewController.swift */,
			);
			path = Main;
			sourceTree = "<group>";
		};
		4A400A822385FE300070F54B /* Extension */ = {
			isa = PBXGroup;
			children = (
				4A400A832385FE820070F54B /* UIButton+Extension.swift */,
				4AFEBD252386A7E800D8D8F8 /* UILabel+Extension.swift */,
				4AFEBD272386AB4C00D8D8F8 /* UIImageView+Extension.swift */,
			);
			path = Extension;
			sourceTree = "<group>";
		};
		4A54415F2384CCE700300151 = {
			isa = PBXGroup;
			children = (
				4A54416A2384CCE700300151 /* WeiboPractice */,
				4A5441692384CCE700300151 /* Products */,
			);
			sourceTree = "<group>";
		};
		4A5441692384CCE700300151 /* Products */ = {
			isa = PBXGroup;
			children = (
				4A5441682384CCE700300151 /* WeiboPractice.app */,
			);
			name = Products;
			sourceTree = "<group>";
		};
		4A54416A2384CCE700300151 /* WeiboPractice */ = {
			isa = PBXGroup;
			children = (
				4A3A09AC238500D500922C17 /* Classes */,
				4A54416B2384CCE700300151 /* AppDelegate.swift */,
				4A54416D2384CCE700300151 /* SceneDelegate.swift */,
				4A5441712384CCE700300151 /* Main.storyboard */,
				4A5441742384CCE900300151 /* Assets.xcassets */,
				4A5441762384CCE900300151 /* LaunchScreen.storyboard */,
				4A5441792384CCE900300151 /* Info.plist */,
			);
			path = WeiboPractice;
			sourceTree = "<group>";
		};
		4A57075923863EE200ACA2D3 /* Visitor */ = {
			isa = PBXGroup;
			children = (
				4A57075A23863EF700ACA2D3 /* VisitorTableViewController.swift */,
				4A57075C2386414600ACA2D3 /* VisitorView.swift */,
			);
			path = Visitor;
			sourceTree = "<group>";
		};
/* End PBXGroup section */

/* Begin PBXNativeTarget section */
		4A5441672384CCE700300151 /* WeiboPractice */ = {
			isa = PBXNativeTarget;
			buildConfigurationList = 4A54417C2384CCE900300151 /* Build configuration list for PBXNativeTarget "WeiboPractice" */;
			buildPhases = (
				4A5441642384CCE700300151 /* Sources */,
				4A5441652384CCE700300151 /* Frameworks */,
				4A5441662384CCE700300151 /* Resources */,
			);
			buildRules = (
			);
			dependencies = (
			);
			name = WeiboPractice;
			productName = WeiboPractice;
			productReference = 4A5441682384CCE700300151 /* WeiboPractice.app */;
			productType = "com.apple.product-type.application";
		};
/* End PBXNativeTarget section */

/* Begin PBXProject section */
		4A5441602384CCE700300151 /* Project object */ = {
			isa = PBXProject;
			attributes = {
				LastSwiftUpdateCheck = 1120;
				LastUpgradeCheck = 1120;
				ORGANIZATIONNAME = hayden;
				TargetAttributes = {
					4A5441672384CCE700300151 = {
						CreatedOnToolsVersion = 11.2.1;
					};
				};
			};
			buildConfigurationList = 4A5441632384CCE700300151 /* Build configuration list for PBXProject "WeiboPractice" */;
			compatibilityVersion = "Xcode 9.3";
			developmentRegion = en;
			hasScannedForEncodings = 0;
			knownRegions = (
				en,
				Base,
			);
			mainGroup = 4A54415F2384CCE700300151;
			productRefGroup = 4A5441692384CCE700300151 /* Products */;
			projectDirPath = "";
			projectRoot = "";
			targets = (
				4A5441672384CCE700300151 /* WeiboPractice */,
			);
		};
/* End PBXProject section */

/* Begin PBXResourcesBuildPhase section */
		4A5441662384CCE700300151 /* Resources */ = {
			isa = PBXResourcesBuildPhase;
			buildActionMask = 2147483647;
			files = (
				4A5441782384CCE900300151 /* LaunchScreen.storyboard in Resources */,
				4A5441752384CCE900300151 /* Assets.xcassets in Resources */,
				4A5441732384CCE700300151 /* Main.storyboard in Resources */,
			);
			runOnlyForDeploymentPostprocessing = 0;
		};
/* End PBXResourcesBuildPhase section */

/* Begin PBXSourcesBuildPhase section */
		4A5441642384CCE700300151 /* Sources */ = {
			isa = PBXSourcesBuildPhase;
			buildActionMask = 2147483647;
			files = (
				4A3A09BF2385025300922C17 /* ProfileTableViewController.swift in Sources */,
				4A3A09B92385021000922C17 /* HomeTableViewController.swift in Sources */,
				4A3A09B7238501A000922C17 /* MainViewController.swift in Sources */,
				4AFEBD282386AB4C00D8D8F8 /* UIImageView+Extension.swift in Sources */,
				4A54416C2384CCE700300151 /* AppDelegate.swift in Sources */,
				4AFEBD262386A7E800D8D8F8 /* UILabel+Extension.swift in Sources */,
				4A3A09BB2385023300922C17 /* DiscoverTableViewController.swift in Sources */,
				4A400A842385FE820070F54B /* UIButton+Extension.swift in Sources */,
				4A57075B23863EF700ACA2D3 /* VisitorTableViewController.swift in Sources */,
				4A57075D2386414600ACA2D3 /* VisitorView.swift in Sources */,
				4A3A09BD2385024700922C17 /* MessageTableViewController.swift in Sources */,
				4A54416E2384CCE700300151 /* SceneDelegate.swift in Sources */,
			);
			runOnlyForDeploymentPostprocessing = 0;
		};
/* End PBXSourcesBuildPhase section */

/* Begin PBXVariantGroup section */
		4A5441712384CCE700300151 /* Main.storyboard */ = {
			isa = PBXVariantGroup;
			children = (
				4A5441722384CCE700300151 /* Base */,
			);
			name = Main.storyboard;
			sourceTree = "<group>";
		};
		4A5441762384CCE900300151 /* LaunchScreen.storyboard */ = {
			isa = PBXVariantGroup;
			children = (
				4A5441772384CCE900300151 /* Base */,
			);
			name = LaunchScreen.storyboard;
			sourceTree = "<group>";
		};
/* End PBXVariantGroup section */

/* Begin XCBuildConfiguration section */
		4A54417A2384CCE900300151 /* Debug */ = {
			isa = XCBuildConfiguration;
			buildSettings = {
				ALWAYS_SEARCH_USER_PATHS = NO;
				CLANG_ANALYZER_NONNULL = YES;
				CLANG_ANALYZER_NUMBER_OBJECT_CONVERSION = YES_AGGRESSIVE;
				CLANG_CXX_LANGUAGE_STANDARD = "gnu++14";
				CLANG_CXX_LIBRARY = "libc++";
				CLANG_ENABLE_MODULES = YES;
				CLANG_ENABLE_OBJC_ARC = YES;
				CLANG_ENABLE_OBJC_WEAK = YES;
				CLANG_WARN_BLOCK_CAPTURE_AUTORELEASING = YES;
				CLANG_WARN_BOOL_CONVERSION = YES;
				CLANG_WARN_COMMA = YES;
				CLANG_WARN_CONSTANT_CONVERSION = YES;
				CLANG_WARN_DEPRECATED_OBJC_IMPLEMENTATIONS = YES;
				CLANG_WARN_DIRECT_OBJC_ISA_USAGE = YES_ERROR;
				CLANG_WARN_DOCUMENTATION_COMMENTS = YES;
				CLANG_WARN_EMPTY_BODY = YES;
				CLANG_WARN_ENUM_CONVERSION = YES;
				CLANG_WARN_INFINITE_RECURSION = YES;
				CLANG_WARN_INT_CONVERSION = YES;
				CLANG_WARN_NON_LITERAL_NULL_CONVERSION = YES;
				CLANG_WARN_OBJC_IMPLICIT_RETAIN_SELF = YES;
				CLANG_WARN_OBJC_LITERAL_CONVERSION = YES;
				CLANG_WARN_OBJC_ROOT_CLASS = YES_ERROR;
				CLANG_WARN_RANGE_LOOP_ANALYSIS = YES;
				CLANG_WARN_STRICT_PROTOTYPES = YES;
				CLANG_WARN_SUSPICIOUS_MOVE = YES;
				CLANG_WARN_UNGUARDED_AVAILABILITY = YES_AGGRESSIVE;
				CLANG_WARN_UNREACHABLE_CODE = YES;
				CLANG_WARN__DUPLICATE_METHOD_MATCH = YES;
				COPY_PHASE_STRIP = NO;
				DEBUG_INFORMATION_FORMAT = dwarf;
				ENABLE_STRICT_OBJC_MSGSEND = YES;
				ENABLE_TESTABILITY = YES;
				GCC_C_LANGUAGE_STANDARD = gnu11;
				GCC_DYNAMIC_NO_PIC = NO;
				GCC_NO_COMMON_BLOCKS = YES;
				GCC_OPTIMIZATION_LEVEL = 0;
				GCC_PREPROCESSOR_DEFINITIONS = (
					"DEBUG=1",
					"$(inherited)",
				);
				GCC_WARN_64_TO_32_BIT_CONVERSION = YES;
				GCC_WARN_ABOUT_RETURN_TYPE = YES_ERROR;
				GCC_WARN_UNDECLARED_SELECTOR = YES;
				GCC_WARN_UNINITIALIZED_AUTOS = YES_AGGRESSIVE;
				GCC_WARN_UNUSED_FUNCTION = YES;
				GCC_WARN_UNUSED_VARIABLE = YES;
				IPHONEOS_DEPLOYMENT_TARGET = 13.2;
				MTL_ENABLE_DEBUG_INFO = INCLUDE_SOURCE;
				MTL_FAST_MATH = YES;
				ONLY_ACTIVE_ARCH = YES;
				SDKROOT = iphoneos;
				SWIFT_ACTIVE_COMPILATION_CONDITIONS = DEBUG;
				SWIFT_OPTIMIZATION_LEVEL = "-Onone";
			};
			name = Debug;
		};
		4A54417B2384CCE900300151 /* Release */ = {
			isa = XCBuildConfiguration;
			buildSettings = {
				ALWAYS_SEARCH_USER_PATHS = NO;
				CLANG_ANALYZER_NONNULL = YES;
				CLANG_ANALYZER_NUMBER_OBJECT_CONVERSION = YES_AGGRESSIVE;
				CLANG_CXX_LANGUAGE_STANDARD = "gnu++14";
				CLANG_CXX_LIBRARY = "libc++";
				CLANG_ENABLE_MODULES = YES;
				CLANG_ENABLE_OBJC_ARC = YES;
				CLANG_ENABLE_OBJC_WEAK = YES;
				CLANG_WARN_BLOCK_CAPTURE_AUTORELEASING = YES;
				CLANG_WARN_BOOL_CONVERSION = YES;
				CLANG_WARN_COMMA = YES;
				CLANG_WARN_CONSTANT_CONVERSION = YES;
				CLANG_WARN_DEPRECATED_OBJC_IMPLEMENTATIONS = YES;
				CLANG_WARN_DIRECT_OBJC_ISA_USAGE = YES_ERROR;
				CLANG_WARN_DOCUMENTATION_COMMENTS = YES;
				CLANG_WARN_EMPTY_BODY = YES;
				CLANG_WARN_ENUM_CONVERSION = YES;
				CLANG_WARN_INFINITE_RECURSION = YES;
				CLANG_WARN_INT_CONVERSION = YES;
				CLANG_WARN_NON_LITERAL_NULL_CONVERSION = YES;
				CLANG_WARN_OBJC_IMPLICIT_RETAIN_SELF = YES;
				CLANG_WARN_OBJC_LITERAL_CONVERSION = YES;
				CLANG_WARN_OBJC_ROOT_CLASS = YES_ERROR;
				CLANG_WARN_RANGE_LOOP_ANALYSIS = YES;
				CLANG_WARN_STRICT_PROTOTYPES = YES;
				CLANG_WARN_SUSPICIOUS_MOVE = YES;
				CLANG_WARN_UNGUARDED_AVAILABILITY = YES_AGGRESSIVE;
				CLANG_WARN_UNREACHABLE_CODE = YES;
				CLANG_WARN__DUPLICATE_METHOD_MATCH = YES;
				COPY_PHASE_STRIP = NO;
				DEBUG_INFORMATION_FORMAT = "dwarf-with-dsym";
				ENABLE_NS_ASSERTIONS = NO;
				ENABLE_STRICT_OBJC_MSGSEND = YES;
				GCC_C_LANGUAGE_STANDARD = gnu11;
				GCC_NO_COMMON_BLOCKS = YES;
				GCC_WARN_64_TO_32_BIT_CONVERSION = YES;
				GCC_WARN_ABOUT_RETURN_TYPE = YES_ERROR;
				GCC_WARN_UNDECLARED_SELECTOR = YES;
				GCC_WARN_UNINITIALIZED_AUTOS = YES_AGGRESSIVE;
				GCC_WARN_UNUSED_FUNCTION = YES;
				GCC_WARN_UNUSED_VARIABLE = YES;
				IPHONEOS_DEPLOYMENT_TARGET = 13.2;
				MTL_ENABLE_DEBUG_INFO = NO;
				MTL_FAST_MATH = YES;
				SDKROOT = iphoneos;
				SWIFT_COMPILATION_MODE = wholemodule;
				SWIFT_OPTIMIZATION_LEVEL = "-O";
				VALIDATE_PRODUCT = YES;
			};
			name = Release;
		};
		4A54417D2384CCE900300151 /* Debug */ = {
			isa = XCBuildConfiguration;
			buildSettings = {
				ASSETCATALOG_COMPILER_APPICON_NAME = AppIcon;
				CODE_SIGN_STYLE = Automatic;
				DEVELOPMENT_TEAM = YWXLSFH83C;
				INFOPLIST_FILE = WeiboPractice/Info.plist;
				LD_RUNPATH_SEARCH_PATHS = (
					"$(inherited)",
					"@executable_path/Frameworks",
				);
				PRODUCT_BUNDLE_IDENTIFIER = com.hayden.WeiboPractice;
				PRODUCT_NAME = "$(TARGET_NAME)";
				SWIFT_VERSION = 5.0;
				TARGETED_DEVICE_FAMILY = "1,2";
			};
			name = Debug;
		};
		4A54417E2384CCE900300151 /* Release */ = {
			isa = XCBuildConfiguration;
			buildSettings = {
				ASSETCATALOG_COMPILER_APPICON_NAME = AppIcon;
				CODE_SIGN_STYLE = Automatic;
				DEVELOPMENT_TEAM = YWXLSFH83C;
				INFOPLIST_FILE = WeiboPractice/Info.plist;
				LD_RUNPATH_SEARCH_PATHS = (
					"$(inherited)",
					"@executable_path/Frameworks",
				);
				PRODUCT_BUNDLE_IDENTIFIER = com.hayden.WeiboPractice;
				PRODUCT_NAME = "$(TARGET_NAME)";
				SWIFT_VERSION = 5.0;
				TARGETED_DEVICE_FAMILY = "1,2";
			};
			name = Release;
		};
/* End XCBuildConfiguration section */

/* Begin XCConfigurationList section */
		4A5441632384CCE700300151 /* Build configuration list for PBXProject "WeiboPractice" */ = {
			isa = XCConfigurationList;
			buildConfigurations = (
				4A54417A2384CCE900300151 /* Debug */,
				4A54417B2384CCE900300151 /* Release */,
			);
			defaultConfigurationIsVisible = 0;
			defaultConfigurationName = Release;
		};
		4A54417C2384CCE900300151 /* Build configuration list for PBXNativeTarget "WeiboPractice" */ = {
			isa = XCConfigurationList;
			buildConfigurations = (
				4A54417D2384CCE900300151 /* Debug */,
				4A54417E2384CCE900300151 /* Release */,
			);
			defaultConfigurationIsVisible = 0;
			defaultConfigurationName = Release;
		};
/* End XCConfigurationList section */
	};
	rootObject = 4A5441602384CCE700300151 /* Project object */;
}
